
Microsoft Visual Studio Solution File, Format Version 12.00
# Visual Studio Version 16
VisualStudioVersion = 16.0.30517.126
MinimumVisualStudioVersion = 10.0.40219.1
Project("{FAE04EC0-301F-11D3-BF4B-00C04F79EFBC}") = "SudokuSolver", "SudokuSolver\SudokuSolver.csproj", "{4B5A34D8-AD2C-43E7-BE79-6510C7FEA1CC}"
EndProject
Project("{FAE04EC0-301F-11D3-BF4B-00C04F79EFBC}") = "SudokuSolver.Test", "SudokuSolver.Test\SudokuSolver.Test.csproj", "{AD899CB5-A5F1-4E99-8C1E-202DCE987CE9}"
EndProject
Global
	GlobalSection(SolutionConfigurationPlatforms) = preSolution
		Debug|Any CPU = Debug|Any CPU
		Release|Any CPU = Release|Any CPU
	EndGlobalSection
	GlobalSection(ProjectConfigurationPlatforms) = postSolution
		{4B5A34D8-AD2C-43E7-BE79-6510C7FEA1CC}.Debug|Any CPU.ActiveCfg = Debug|Any CPU
		{4B5A34D8-AD2C-43E7-BE79-6510C7FEA1CC}.Debug|Any CPU.Build.0 = Debug|Any CPU
		{4B5A34D8-AD2C-43E7-BE79-6510C7FEA1CC}.Release|Any CPU.ActiveCfg = Release|Any CPU
		{4B5A34D8-AD2C-43E7-BE79-6510C7FEA1CC}.Release|Any CPU.Build.0 = Release|Any CPU
		{AD899CB5-A5F1-4E99-8C1E-202DCE987CE9}.Debug|Any CPU.ActiveCfg = Debug|Any CPU
		{AD899CB5-A5F1-4E99-8C1E-202DCE987CE9}.Debug|Any CPU.Build.0 = Debug|Any CPU
		{AD899CB5-A5F1-4E99-8C1E-202DCE987CE9}.Release|Any CPU.ActiveCfg = Release|Any CPU
		{AD899CB5-A5F1-4E99-8C1E-202DCE987CE9}.Release|Any CPU.Build.0 = Release|Any CPU
	EndGlobalSection
	GlobalSection(SolutionProperties) = preSolution
		HideSolutionNode = FALSE
	EndGlobalSection
	GlobalSection(ExtensibilityGlobals) = postSolution
		SolutionGuid = {ECCC1FF1-9919-4728-9D69-ABB797195C43}
	EndGlobalSection
EndGlobal
