
Microsoft Visual Studio Solution File, Format Version 12.00
# Visual Studio Version 16
VisualStudioVersion = 16.0.30517.126
MinimumVisualStudioVersion = 10.0.40219.1
Project("{FAE04EC0-301F-11D3-BF4B-00C04F79EFBC}") = "AVL_Tree_2ndAttempt", "AVL_Tree_2ndAttempt\AVL_Tree_2ndAttempt.csproj", "{55735553-68BA-4F2B-A177-A1D8F3444880}"
EndProject
Global
	GlobalSection(SolutionConfigurationPlatforms) = preSolution
		Debug|Any CPU = Debug|Any CPU
		Release|Any CPU = Release|Any CPU
	EndGlobalSection
	GlobalSection(ProjectConfigurationPlatforms) = postSolution
		{55735553-68BA-4F2B-A177-A1D8F3444880}.Debug|Any CPU.ActiveCfg = Debug|Any CPU
		{55735553-68BA-4F2B-A177-A1D8F3444880}.Debug|Any CPU.Build.0 = Debug|Any CPU
		{55735553-68BA-4F2B-A177-A1D8F3444880}.Release|Any CPU.ActiveCfg = Release|Any CPU
		{55735553-68BA-4F2B-A177-A1D8F3444880}.Release|Any CPU.Build.0 = Release|Any CPU
	EndGlobalSection
	GlobalSection(SolutionProperties) = preSolution
		HideSolutionNode = FALSE
	EndGlobalSection
	GlobalSection(ExtensibilityGlobals) = postSolution
		SolutionGuid = {BED6E869-E033-4F5D-BCB8-C8A12BB72A76}
	EndGlobalSection
EndGlobal
